
Microsoft Visual Studio Solution File, Format Version 12.00
# Visual Studio Version 17
VisualStudioVersion = 17.5.33530.505
MinimumVisualStudioVersion = 10.0.40219.1
Project("{9A19103F-16F7-4668-BE54-9A1E7A4F7556}") = "FarmersMarketAPI", "FarmersMarketAPI\FarmersMarketAPI.csproj", "{000B6526-447E-4B28-86BA-5C49DB071A58}"
EndProject
Project("{9A19103F-16F7-4668-BE54-9A1E7A4F7556}") = "FarmersMarket", "FarmersMarketWPF\FarmersMarket.csproj", "{5592F095-6819-4315-9F35-B32B177CB118}"
EndProject
Global
	GlobalSection(SolutionConfigurationPlatforms) = preSolution
		Debug|Any CPU = Debug|Any CPU
		Release|Any CPU = Release|Any CPU
	EndGlobalSection
	GlobalSection(ProjectConfigurationPlatforms) = postSolution
		{000B6526-447E-4B28-86BA-5C49DB071A58}.Debug|Any CPU.ActiveCfg = Debug|Any CPU
		{000B6526-447E-4B28-86BA-5C49DB071A58}.Debug|Any CPU.Build.0 = Debug|Any CPU
		{000B6526-447E-4B28-86BA-5C49DB071A58}.Release|Any CPU.ActiveCfg = Release|Any CPU
		{000B6526-447E-4B28-86BA-5C49DB071A58}.Release|Any CPU.Build.0 = Release|Any CPU
		{5592F095-6819-4315-9F35-B32B177CB118}.Debug|Any CPU.ActiveCfg = Debug|Any CPU
		{5592F095-6819-4315-9F35-B32B177CB118}.Debug|Any CPU.Build.0 = Debug|Any CPU
		{5592F095-6819-4315-9F35-B32B177CB118}.Release|Any CPU.ActiveCfg = Release|Any CPU
		{5592F095-6819-4315-9F35-B32B177CB118}.Release|Any CPU.Build.0 = Release|Any CPU
	EndGlobalSection
	GlobalSection(SolutionProperties) = preSolution
		HideSolutionNode = FALSE
	EndGlobalSection
	GlobalSection(ExtensibilityGlobals) = postSolution
		SolutionGuid = {2DED9BF9-7B6E-4B98-897D-064F9E76B570}
	EndGlobalSection
EndGlobal
